dependencies:
- name: rabbitmq
  repository: https://charts.bitnami.com/bitnami
  version: 11.0.0
- name: postgresql-ha
  repository: https://charts.bitnami.com/bitnami
  version: 10.0.0
digest: sha256:68744ed3bbcbfc66a7b69ca907c7459b293d985cfecbba893fcb699428894b7e
generated: "2022-12-05T00:53:37.616388+02:00"
